
Microsoft Visual Studio Solution File, Format Version 12.00
# Visual Studio Version 17
VisualStudioVersion = 17.3.32804.467
MinimumVisualStudioVersion = 10.0.40219.1
Project("{2150E333-8FDC-42A3-9474-1A3956D46DE8}") = "Application Business Rules", "Application Business Rules", "{5E8C6AF3-3920-474E-9232-288528E6467A}"
EndProject
Project("{2150E333-8FDC-42A3-9474-1A3956D46DE8}") = "Enterprise Business Rules", "Enterprise Business Rules", "{49047A35-2FE0-4C34-86D7-5DC046224963}"
EndProject
Project("{2150E333-8FDC-42A3-9474-1A3956D46DE8}") = "Frameworks And Drivers", "Frameworks And Drivers", "{19E7BACD-0B50-4D6A-ADE3-4E67DD24FD7F}"
EndProject
Project("{2150E333-8FDC-42A3-9474-1A3956D46DE8}") = "Interface Adapters", "Interface Adapters", "{B081FF07-6FA5-4664-833B-F7A87FD12DE0}"
EndProject
Project("{FAE04EC0-301F-11D3-BF4B-00C04F79EFBC}") = "Clean.Architecture.Entities", "Clean.Architecture.Entities\Clean.Architecture.Entities.csproj", "{F7B1365E-7AE4-4AF7-A2A7-34C194098AAA}"
EndProject
Project("{2150E333-8FDC-42A3-9474-1A3956D46DE8}") = "Gateways", "Gateways", "{242900DA-09A4-42AF-A6E5-6336D15EC5DD}"
EndProject
Project("{FAE04EC0-301F-11D3-BF4B-00C04F79EFBC}") = "Clean.Architecture.Repositories", "Clean.Architecture.Repositories\Clean.Architecture.Repositories.csproj", "{D8B5207F-15DE-442C-8539-47CA6153374B}"
EndProject
Project("{FAE04EC0-301F-11D3-BF4B-00C04F79EFBC}") = "Clean.Architecture.DTOs", "Clean.Architecture.DTOs\Clean.Architecture.DTOs.csproj", "{D75F75B0-3A41-4113-9BC5-279EB4E039BE}"
EndProject
Project("{FAE04EC0-301F-11D3-BF4B-00C04F79EFBC}") = "Clean.Architecture.UseCases", "Clean.Architecture.UseCases\Clean.Architecture.UseCases.csproj", "{F3893239-23CD-4FAF-844B-59EEBBE42840}"
EndProject
Project("{FAE04EC0-301F-11D3-BF4B-00C04F79EFBC}") = "Clean.Architecture.IoC", "Clean.Architecture.IoC\Clean.Architecture.IoC.csproj", "{501FD9F1-0B8E-47B2-839E-81C5A166B5A4}"
EndProject
Project("{2150E333-8FDC-42A3-9474-1A3956D46DE8}") = "Presenters", "Presenters", "{C05407F4-79B2-44D4-9C0B-33C625A14921}"
EndProject
Project("{FAE04EC0-301F-11D3-BF4B-00C04F79EFBC}") = "Clean.Architecture.WebExceptionsPresenter", "Clean.Architecture.WebExceptionsPresenter\Clean.Architecture.WebExceptionsPresenter.csproj", "{53268FF0-7652-4211-B569-62C09AB780E8}"
EndProject
Project("{2150E333-8FDC-42A3-9474-1A3956D46DE8}") = "UI", "UI", "{1D2A188C-25E8-40F1-BFC7-F77FB9E27585}"
EndProject
Project("{FAE04EC0-301F-11D3-BF4B-00C04F79EFBC}") = "Clean.Architecture.API", "Clean.Architecture.API\Clean.Architecture.API.csproj", "{4ED810DB-98C3-4223-9696-E35C28A08901}"
EndProject
Global
	GlobalSection(SolutionConfigurationPlatforms) = preSolution
		Debug|Any CPU = Debug|Any CPU
		Release|Any CPU = Release|Any CPU
	EndGlobalSection
	GlobalSection(ProjectConfigurationPlatforms) = postSolution
		{F7B1365E-7AE4-4AF7-A2A7-34C194098AAA}.Debug|Any CPU.ActiveCfg = Debug|Any CPU
		{F7B1365E-7AE4-4AF7-A2A7-34C194098AAA}.Debug|Any CPU.Build.0 = Debug|Any CPU
		{F7B1365E-7AE4-4AF7-A2A7-34C194098AAA}.Release|Any CPU.ActiveCfg = Release|Any CPU
		{F7B1365E-7AE4-4AF7-A2A7-34C194098AAA}.Release|Any CPU.Build.0 = Release|Any CPU
		{D8B5207F-15DE-442C-8539-47CA6153374B}.Debug|Any CPU.ActiveCfg = Debug|Any CPU
		{D8B5207F-15DE-442C-8539-47CA6153374B}.Debug|Any CPU.Build.0 = Debug|Any CPU
		{D8B5207F-15DE-442C-8539-47CA6153374B}.Release|Any CPU.ActiveCfg = Release|Any CPU
		{D8B5207F-15DE-442C-8539-47CA6153374B}.Release|Any CPU.Build.0 = Release|Any CPU
		{D75F75B0-3A41-4113-9BC5-279EB4E039BE}.Debug|Any CPU.ActiveCfg = Debug|Any CPU
		{D75F75B0-3A41-4113-9BC5-279EB4E039BE}.Debug|Any CPU.Build.0 = Debug|Any CPU
		{D75F75B0-3A41-4113-9BC5-279EB4E039BE}.Release|Any CPU.ActiveCfg = Release|Any CPU
		{D75F75B0-3A41-4113-9BC5-279EB4E039BE}.Release|Any CPU.Build.0 = Release|Any CPU
		{F3893239-23CD-4FAF-844B-59EEBBE42840}.Debug|Any CPU.ActiveCfg = Debug|Any CPU
		{F3893239-23CD-4FAF-844B-59EEBBE42840}.Debug|Any CPU.Build.0 = Debug|Any CPU
		{F3893239-23CD-4FAF-844B-59EEBBE42840}.Release|Any CPU.ActiveCfg = Release|Any CPU
		{F3893239-23CD-4FAF-844B-59EEBBE42840}.Release|Any CPU.Build.0 = Release|Any CPU
		{501FD9F1-0B8E-47B2-839E-81C5A166B5A4}.Debug|Any CPU.ActiveCfg = Debug|Any CPU
		{501FD9F1-0B8E-47B2-839E-81C5A166B5A4}.Debug|Any CPU.Build.0 = Debug|Any CPU
		{501FD9F1-0B8E-47B2-839E-81C5A166B5A4}.Release|Any CPU.ActiveCfg = Release|Any CPU
		{501FD9F1-0B8E-47B2-839E-81C5A166B5A4}.Release|Any CPU.Build.0 = Release|Any CPU
		{53268FF0-7652-4211-B569-62C09AB780E8}.Debug|Any CPU.ActiveCfg = Debug|Any CPU
		{53268FF0-7652-4211-B569-62C09AB780E8}.Debug|Any CPU.Build.0 = Debug|Any CPU
		{53268FF0-7652-4211-B569-62C09AB780E8}.Release|Any CPU.ActiveCfg = Release|Any CPU
		{53268FF0-7652-4211-B569-62C09AB780E8}.Release|Any CPU.Build.0 = Release|Any CPU
		{4ED810DB-98C3-4223-9696-E35C28A08901}.Debug|Any CPU.ActiveCfg = Debug|Any CPU
		{4ED810DB-98C3-4223-9696-E35C28A08901}.Debug|Any CPU.Build.0 = Debug|Any CPU
		{4ED810DB-98C3-4223-9696-E35C28A08901}.Release|Any CPU.ActiveCfg = Release|Any CPU
		{4ED810DB-98C3-4223-9696-E35C28A08901}.Release|Any CPU.Build.0 = Release|Any CPU
	EndGlobalSection
	GlobalSection(SolutionProperties) = preSolution
		HideSolutionNode = FALSE
	EndGlobalSection
	GlobalSection(NestedProjects) = preSolution
		{F7B1365E-7AE4-4AF7-A2A7-34C194098AAA} = {49047A35-2FE0-4C34-86D7-5DC046224963}
		{242900DA-09A4-42AF-A6E5-6336D15EC5DD} = {B081FF07-6FA5-4664-833B-F7A87FD12DE0}
		{D8B5207F-15DE-442C-8539-47CA6153374B} = {242900DA-09A4-42AF-A6E5-6336D15EC5DD}
		{D75F75B0-3A41-4113-9BC5-279EB4E039BE} = {5E8C6AF3-3920-474E-9232-288528E6467A}
		{F3893239-23CD-4FAF-844B-59EEBBE42840} = {5E8C6AF3-3920-474E-9232-288528E6467A}
		{501FD9F1-0B8E-47B2-839E-81C5A166B5A4} = {B081FF07-6FA5-4664-833B-F7A87FD12DE0}
		{C05407F4-79B2-44D4-9C0B-33C625A14921} = {B081FF07-6FA5-4664-833B-F7A87FD12DE0}
		{53268FF0-7652-4211-B569-62C09AB780E8} = {C05407F4-79B2-44D4-9C0B-33C625A14921}
		{1D2A188C-25E8-40F1-BFC7-F77FB9E27585} = {19E7BACD-0B50-4D6A-ADE3-4E67DD24FD7F}
		{4ED810DB-98C3-4223-9696-E35C28A08901} = {242900DA-09A4-42AF-A6E5-6336D15EC5DD}
	EndGlobalSection
	GlobalSection(ExtensibilityGlobals) = postSolution
		SolutionGuid = {C5C71853-33BA-4A64-9C41-EE0390A9E8A5}
	EndGlobalSection
EndGlobal
